// !$*UTF8*$!
{
	archiveVersion = 1;
	classes = {
	};
	objectVersion = 46;
	objects = {

/* Begin PBXBuildFile section */
		65937F7A178BC33F00FF9B2B /* UIKit.framework in Frameworks */ = {isa = PBXBuildFile; fileRef = 65937F79178BC33F00FF9B2B /* UIKit.framework */; };
		65937F7C178BC33F00FF9B2B /* Foundation.framework in Frameworks */ = {isa = PBXBuildFile; fileRef = 65937F7B178BC33F00FF9B2B /* Foundation.framework */; };
		65937F7E178BC33F00FF9B2B /* CoreGraphics.framework in Frameworks */ = {isa = PBXBuildFile; fileRef = 65937F7D178BC33F00FF9B2B /* CoreGraphics.framework */; };
		65937F84178BC33F00FF9B2B /* InfoPlist.strings in Resources */ = {isa = PBXBuildFile; fileRef = 65937F82178BC33F00FF9B2B /* InfoPlist.strings */; };
		65937F86178BC33F00FF9B2B /* main.m in Sources */ = {isa = PBXBuildFile; fileRef = 65937F85178BC33F00FF9B2B /* main.m */; };
		65937F8A178BC33F00FF9B2B /* AppDelegate.m in Sources */ = {isa = PBXBuildFile; fileRef = 65937F89178BC33F00FF9B2B /* AppDelegate.m */; };
		65937F8C178BC33F00FF9B2B /* Default.png in Resources */ = {isa = PBXBuildFile; fileRef = 65937F8B178BC33F00FF9B2B /* Default.png */; };
		65937F8E178BC33F00FF9B2B /* Default@2x.png in Resources */ = {isa = PBXBuildFile; fileRef = 65937F8D178BC33F00FF9B2B /* Default@2x.png */; };
		65937F90178BC33F00FF9B2B /* Default-568h@2x.png in Resources */ = {isa = PBXBuildFile; fileRef = 65937F8F178BC33F00FF9B2B /* Default-568h@2x.png */; };
		65937F93178BC33F00FF9B2B /* MainStoryboard_iPhone.storyboard in Resources */ = {isa = PBXBuildFile; fileRef = 65937F91178BC33F00FF9B2B /* MainStoryboard_iPhone.storyboard */; };
		65937F96178BC33F00FF9B2B /* MainStoryboard_iPad.storyboard in Resources */ = {isa = PBXBuildFile; fileRef = 65937F94178BC33F00FF9B2B /* MainStoryboard_iPad.storyboard */; };
		65937F99178BC33F00FF9B2B /* ViewController.m in Sources */ = {isa = PBXBuildFile; fileRef = 65937F98178BC33F00FF9B2B /* ViewController.m */; };
		65937FA1178BC33F00FF9B2B /* SenTestingKit.framework in Frameworks */ = {isa = PBXBuildFile; fileRef = 65937FA0178BC33F00FF9B2B /* SenTestingKit.framework */; };
		65937FA2178BC33F00FF9B2B /* UIKit.framework in Frameworks */ = {isa = PBXBuildFile; fileRef = 65937F79178BC33F00FF9B2B /* UIKit.framework */; };
		65937FA3178BC33F00FF9B2B /* Foundation.framework in Frameworks */ = {isa = PBXBuildFile; fileRef = 65937F7B178BC33F00FF9B2B /* Foundation.framework */; };
		65937FAB178BC33F00FF9B2B /* InfoPlist.strings in Resources */ = {isa = PBXBuildFile; fileRef = 65937FA9178BC33F00FF9B2B /* InfoPlist.strings */; };
		65937FAE178BC33F00FF9B2B /* SolarTerminatorTests.m in Sources */ = {isa = PBXBuildFile; fileRef = 65937FAD178BC33F00FF9B2B /* SolarTerminatorTests.m */; };
		65937FBA178BC39700FF9B2B /* SolarTerminatorOverlay.m in Sources */ = {isa = PBXBuildFile; fileRef = 65937FB9178BC39700FF9B2B /* SolarTerminatorOverlay.m */; };
		65D81557178BC8A300E3C3A5 /* MapKit.framework in Frameworks */ = {isa = PBXBuildFile; fileRef = 65D81556178BC8A300E3C3A5 /* MapKit.framework */; };
		65D81559178BC8B800E3C3A5 /* CoreLocation.framework in Frameworks */ = {isa = PBXBuildFile; fileRef = 65D81558178BC8B800E3C3A5 /* CoreLocation.framework */; };
		65D8155C178BCA3800E3C3A5 /* SunPosition.m in Sources */ = {isa = PBXBuildFile; fileRef = 65D8155B178BCA3800E3C3A5 /* SunPosition.m */; };
		65ECB5DE180CBA7A0037DD90 /* SolarTerminatorOverlayFill.m in Sources */ = {isa = PBXBuildFile; fileRef = 65ECB5DD180CBA7A0037DD90 /* SolarTerminatorOverlayFill.m */; };
/* End PBXBuildFile section */

/* Begin PBXContainerItemProxy section */
		65937FA4178BC33F00FF9B2B /* PBXContainerItemProxy */ = {
			isa = PBXContainerItemProxy;
			containerPortal = 65937F6E178BC33F00FF9B2B /* Project object */;
			proxyType = 1;
			remoteGlobalIDString = 65937F75178BC33F00FF9B2B;
			remoteInfo = SolarTerminator;
		};
/* End PBXContainerItemProxy section */

/* Begin PBXFileReference section */
		65937F76178BC33F00FF9B2B /* SolarTerminator.app */ = {isa = PBXFileReference; explicitFileType = wrapper.application; includeInIndex = 0; path = SolarTerminator.app; sourceTree = BUILT_PRODUCTS_DIR; };
		65937F79178BC33F00FF9B2B /* UIKit.framework */ = {isa = PBXFileReference; lastKnownFileType = wrapper.framework; name = UIKit.framework; path = System/Library/Frameworks/UIKit.framework; sourceTree = SDKROOT; };
		65937F7B178BC33F00FF9B2B /* Foundation.framework */ = {isa = PBXFileReference; lastKnownFileType = wrapper.framework; name = Foundation.framework; path = System/Library/Frameworks/Foundation.framework; sourceTree = SDKROOT; };
		65937F7D178BC33F00FF9B2B /* CoreGraphics.framework */ = {isa = PBXFileReference; lastKnownFileType = wrapper.framework; name = CoreGraphics.framework; path = System/Library/Frameworks/CoreGraphics.framework; sourceTree = SDKROOT; };
		65937F81178BC33F00FF9B2B /* SolarTerminator-Info.plist */ = {isa = PBXFileReference; lastKnownFileType = text.plist.xml; path = "SolarTerminator-Info.plist"; sourceTree = "<group>"; };
		65937F83178BC33F00FF9B2B /* en */ = {isa = PBXFileReference; lastKnownFileType = text.plist.strings; name = en; path = en.lproj/InfoPlist.strings; sourceTree = "<group>"; };
		65937F85178BC33F00FF9B2B /* main.m */ = {isa = PBXFileReference; lastKnownFileType = sourcecode.c.objc; path = main.m; sourceTree = "<group>"; };
		65937F87178BC33F00FF9B2B /* SolarTerminator-Prefix.pch */ = {isa = PBXFileReference; lastKnownFileType = sourcecode.c.h; path = "SolarTerminator-Prefix.pch"; sourceTree = "<group>"; };
		65937F88178BC33F00FF9B2B /* AppDelegate.h */ = {isa = PBXFileReference; lastKnownFileType = sourcecode.c.h; path = AppDelegate.h; sourceTree = "<group>"; };
		65937F89178BC33F00FF9B2B /* AppDelegate.m */ = {isa = PBXFileReference; lastKnownFileType = sourcecode.c.objc; path = AppDelegate.m; sourceTree = "<group>"; };
		65937F8B178BC33F00FF9B2B /* Default.png */ = {isa = PBXFileReference; lastKnownFileType = image.png; path = Default.png; sourceTree = "<group>"; };
		65937F8D178BC33F00FF9B2B /* Default@2x.png */ = {isa = PBXFileReference; lastKnownFileType = image.png; path = "Default@2x.png"; sourceTree = "<group>"; };
		65937F8F178BC33F00FF9B2B /* Default-568h@2x.png */ = {isa = PBXFileReference; lastKnownFileType = image.png; path = "Default-568h@2x.png"; sourceTree = "<group>"; };
		65937F92178BC33F00FF9B2B /* en */ = {isa = PBXFileReference; lastKnownFileType = file.storyboard; name = en; path = en.lproj/MainStoryboard_iPhone.storyboard; sourceTree = "<group>"; };
		65937F95178BC33F00FF9B2B /* en */ = {isa = PBXFileReference; lastKnownFileType = file.storyboard; name = en; path = en.lproj/MainStoryboard_iPad.storyboard; sourceTree = "<group>"; };
		65937F97178BC33F00FF9B2B /* ViewController.h */ = {isa = PBXFileReference; lastKnownFileType = sourcecode.c.h; path = ViewController.h; sourceTree = "<group>"; };
		65937F98178BC33F00FF9B2B /* ViewController.m */ = {isa = PBXFileReference; lastKnownFileType = sourcecode.c.objc; path = ViewController.m; sourceTree = "<group>"; };
		65937F9F178BC33F00FF9B2B /* SolarTerminatorTests.octest */ = {isa = PBXFileReference; explicitFileType = wrapper.cfbundle; includeInIndex = 0; path = SolarTerminatorTests.octest; sourceTree = BUILT_PRODUCTS_DIR; };
		65937FA0178BC33F00FF9B2B /* SenTestingKit.framework */ = {isa = PBXFileReference; lastKnownFileType = wrapper.framework; name = SenTestingKit.framework; path = Library/Frameworks/SenTestingKit.framework; sourceTree = DEVELOPER_DIR; };
		65937FA8178BC33F00FF9B2B /* SolarTerminatorTests-Info.plist */ = {isa = PBXFileReference; lastKnownFileType = text.plist.xml; path = "SolarTerminatorTests-Info.plist"; sourceTree = "<group>"; };
		65937FAA178BC33F00FF9B2B /* en */ = {isa = PBXFileReference; lastKnownFileType = text.plist.strings; name = en; path = en.lproj/InfoPlist.strings; sourceTree = "<group>"; };
		65937FAC178BC33F00FF9B2B /* SolarTerminatorTests.h */ = {isa = PBXFileReference; lastKnownFileType = sourcecode.c.h; path = SolarTerminatorTests.h; sourceTree = "<group>"; };
		65937FAD178BC33F00FF9B2B /* SolarTerminatorTests.m */ = {isa = PBXFileReference; lastKnownFileType = sourcecode.c.objc; path = SolarTerminatorTests.m; sourceTree = "<group>"; };
		65937FB8178BC39700FF9B2B /* SolarTerminatorOverlay.h */ = {isa = PBXFileReference; fileEncoding = 4; lastKnownFileType = sourcecode.c.h; name = SolarTerminatorOverlay.h; path = Classes/SolarTerminatorOverlay.h; sourceTree = "<group>"; };
		65937FB9178BC39700FF9B2B /* SolarTerminatorOverlay.m */ = {isa = PBXFileReference; fileEncoding = 4; lastKnownFileType = sourcecode.c.objc; name = SolarTerminatorOverlay.m; path = Classes/SolarTerminatorOverlay.m; sourceTree = "<group>"; };
		65D81556178BC8A300E3C3A5 /* MapKit.framework */ = {isa = PBXFileReference; lastKnownFileType = wrapper.framework; name = MapKit.framework; path = System/Library/Frameworks/MapKit.framework; sourceTree = SDKROOT; };
		65D81558178BC8B800E3C3A5 /* CoreLocation.framework */ = {isa = PBXFileReference; lastKnownFileType = wrapper.framework; name = CoreLocation.framework; path = System/Library/Frameworks/CoreLocation.framework; sourceTree = SDKROOT; };
		65D8155A178BCA3800E3C3A5 /* SunPosition.h */ = {isa = PBXFileReference; fileEncoding = 4; lastKnownFileType = sourcecode.c.h; name = SunPosition.h; path = Classes/SunPosition.h; sourceTree = "<group>"; };
		65D8155B178BCA3800E3C3A5 /* SunPosition.m */ = {isa = PBXFileReference; fileEncoding = 4; lastKnownFileType = sourcecode.c.objc; name = SunPosition.m; path = Classes/SunPosition.m; sourceTree = "<group>"; };
		65ECB5DC180CBA7A0037DD90 /* SolarTerminatorOverlayFill.h */ = {isa = PBXFileReference; fileEncoding = 4; lastKnownFileType = sourcecode.c.h; name = SolarTerminatorOverlayFill.h; path = Classes/SolarTerminatorOverlayFill.h; sourceTree = "<group>"; };
		65ECB5DD180CBA7A0037DD90 /* SolarTerminatorOverlayFill.m */ = {isa = PBXFileReference; fileEncoding = 4; lastKnownFileType = sourcecode.c.objc; name = SolarTerminatorOverlayFill.m; path = Classes/SolarTerminatorOverlayFill.m; sourceTree = "<group>"; };
/* End PBXFileReference section */

/* Begin PBXFrameworksBuildPhase section */
		65937F73178BC33F00FF9B2B /* Frameworks */ = {
			isa = PBXFrameworksBuildPhase;
			buildActionMask = 2147483647;
			files = (
				65D81559178BC8B800E3C3A5 /* CoreLocation.framework in Frameworks */,
				65D81557178BC8A300E3C3A5 /* MapKit.framework in Frameworks */,
				65937F7A178BC33F00FF9B2B /* UIKit.framework in Frameworks */,
				65937F7C178BC33F00FF9B2B /* Foundation.framework in Frameworks */,
				65937F7E178BC33F00FF9B2B /* CoreGraphics.framework in Frameworks */,
			);
			runOnlyForDeploymentPostprocessing = 0;
		};
		65937F9B178BC33F00FF9B2B /* Frameworks */ = {
			isa = PBXFrameworksBuildPhase;
			buildActionMask = 2147483647;
			files = (
				65937FA1178BC33F00FF9B2B /* SenTestingKit.framework in Frameworks */,
				65937FA2178BC33F00FF9B2B /* UIKit.framework in Frameworks */,
				65937FA3178BC33F00FF9B2B /* Foundation.framework in Frameworks */,
			);
			runOnlyForDeploymentPostprocessing = 0;
		};
/* End PBXFrameworksBuildPhase section */

/* Begin PBXGroup section */
		65937F6D178BC33F00FF9B2B = {
			isa = PBXGroup;
			children = (
				65937F7F178BC33F00FF9B2B /* SolarTerminator */,
				65937FA6178BC33F00FF9B2B /* SolarTerminatorTests */,
				65937F78178BC33F00FF9B2B /* Frameworks */,
				65937F77178BC33F00FF9B2B /* Products */,
			);
			sourceTree = "<group>";
		};
		65937F77178BC33F00FF9B2B /* Products */ = {
			isa = PBXGroup;
			children = (
				65937F76178BC33F00FF9B2B /* SolarTerminator.app */,
				65937F9F178BC33F00FF9B2B /* SolarTerminatorTests.octest */,
			);
			name = Products;
			sourceTree = "<group>";
		};
		65937F78178BC33F00FF9B2B /* Frameworks */ = {
			isa = PBXGroup;
			children = (
				65D81558178BC8B800E3C3A5 /* CoreLocation.framework */,
				65D81556178BC8A300E3C3A5 /* MapKit.framework */,
				65937F79178BC33F00FF9B2B /* UIKit.framework */,
				65937F7B178BC33F00FF9B2B /* Foundation.framework */,
				65937F7D178BC33F00FF9B2B /* CoreGraphics.framework */,
				65937FA0178BC33F00FF9B2B /* SenTestingKit.framework */,
			);
			name = Frameworks;
			sourceTree = "<group>";
		};
		65937F7F178BC33F00FF9B2B /* SolarTerminator */ = {
			isa = PBXGroup;
			children = (
				65937FB7178BC34F00FF9B2B /* Classes */,
				65937F88178BC33F00FF9B2B /* AppDelegate.h */,
				65937F89178BC33F00FF9B2B /* AppDelegate.m */,
				65937F91178BC33F00FF9B2B /* MainStoryboard_iPhone.storyboard */,
				65937F94178BC33F00FF9B2B /* MainStoryboard_iPad.storyboard */,
				65937F97178BC33F00FF9B2B /* ViewController.h */,
				65937F98178BC33F00FF9B2B /* ViewController.m */,
				65937F80178BC33F00FF9B2B /* Supporting Files */,
			);
			path = SolarTerminator;
			sourceTree = "<group>";
		};
		65937F80178BC33F00FF9B2B /* Supporting Files */ = {
			isa = PBXGroup;
			children = (
				65937F81178BC33F00FF9B2B /* SolarTerminator-Info.plist */,
				65937F82178BC33F00FF9B2B /* InfoPlist.strings */,
				65937F85178BC33F00FF9B2B /* main.m */,
				65937F87178BC33F00FF9B2B /* SolarTerminator-Prefix.pch */,
				65937F8B178BC33F00FF9B2B /* Default.png */,
				65937F8D178BC33F00FF9B2B /* Default@2x.png */,
				65937F8F178BC33F00FF9B2B /* Default-568h@2x.png */,
			);
			name = "Supporting Files";
			sourceTree = "<group>";
		};
		65937FA6178BC33F00FF9B2B /* SolarTerminatorTests */ = {
			isa = PBXGroup;
			children = (
				65937FAC178BC33F00FF9B2B /* SolarTerminatorTests.h */,
				65937FAD178BC33F00FF9B2B /* SolarTerminatorTests.m */,
				65937FA7178BC33F00FF9B2B /* Supporting Files */,
			);
			path = SolarTerminatorTests;
			sourceTree = "<group>";
		};
		65937FA7178BC33F00FF9B2B /* Supporting Files */ = {
			isa = PBXGroup;
			children = (
				65937FA8178BC33F00FF9B2B /* SolarTerminatorTests-Info.plist */,
				65937FA9178BC33F00FF9B2B /* InfoPlist.strings */,
			);
			name = "Supporting Files";
			sourceTree = "<group>";
		};
		65937FB7178BC34F00FF9B2B /* Classes */ = {
			isa = PBXGroup;
			children = (
				65937FB8178BC39700FF9B2B /* SolarTerminatorOverlay.h */,
				65937FB9178BC39700FF9B2B /* SolarTerminatorOverlay.m */,
				65ECB5DC180CBA7A0037DD90 /* SolarTerminatorOverlayFill.h */,
				65ECB5DD180CBA7A0037DD90 /* SolarTerminatorOverlayFill.m */,
				65D8155A178BCA3800E3C3A5 /* SunPosition.h */,
				65D8155B178BCA3800E3C3A5 /* SunPosition.m */,
			);
			name = Classes;
			sourceTree = "<group>";
		};
/* End PBXGroup section */

/* Begin PBXNativeTarget section */
		65937F75178BC33F00FF9B2B /* SolarTerminator */ = {
			isa = PBXNativeTarget;
			buildConfigurationList = 65937FB1178BC33F00FF9B2B /* Build configuration list for PBXNativeTarget "SolarTerminator" */;
			buildPhases = (
				65937F72178BC33F00FF9B2B /* Sources */,
				65937F73178BC33F00FF9B2B /* Frameworks */,
				65937F74178BC33F00FF9B2B /* Resources */,
			);
			buildRules = (
			);
			dependencies = (
			);
			name = SolarTerminator;
			productName = SolarTerminator;
			productReference = 65937F76178BC33F00FF9B2B /* SolarTerminator.app */;
			productType = "com.apple.product-type.application";
		};
		65937F9E178BC33F00FF9B2B /* SolarTerminatorTests */ = {
			isa = PBXNativeTarget;
			buildConfigurationList = 65937FB4178BC33F00FF9B2B /* Build configuration list for PBXNativeTarget "SolarTerminatorTests" */;
			buildPhases = (
				65937F9A178BC33F00FF9B2B /* Sources */,
				65937F9B178BC33F00FF9B2B /* Frameworks */,
				65937F9C178BC33F00FF9B2B /* Resources */,
				65937F9D178BC33F00FF9B2B /* ShellScript */,
			);
			buildRules = (
			);
			dependencies = (
				65937FA5178BC33F00FF9B2B /* PBXTargetDependency */,
			);
			name = SolarTerminatorTests;
			productName = SolarTerminatorTests;
			productReference = 65937F9F178BC33F00FF9B2B /* SolarTerminatorTests.octest */;
			productType = "com.apple.product-type.bundle.ocunit-test";
		};
/* End PBXNativeTarget section */

/* Begin PBXProject section */
		65937F6E178BC33F00FF9B2B /* Project object */ = {
			isa = PBXProject;
			attributes = {
				LastTestingUpgradeCheck = 0730;
				LastUpgradeCheck = 0730;
				ORGANIZATIONNAME = "Daniel Brooks";
			};
			buildConfigurationList = 65937F71178BC33F00FF9B2B /* Build configuration list for PBXProject "SolarTerminator" */;
			compatibilityVersion = "Xcode 3.2";
			developmentRegion = English;
			hasScannedForEncodings = 0;
			knownRegions = (
				en,
			);
			mainGroup = 65937F6D178BC33F00FF9B2B;
			productRefGroup = 65937F77178BC33F00FF9B2B /* Products */;
			projectDirPath = "";
			projectRoot = "";
			targets = (
				65937F75178BC33F00FF9B2B /* SolarTerminator */,
				65937F9E178BC33F00FF9B2B /* SolarTerminatorTests */,
			);
		};
/* End PBXProject section */

/* Begin PBXResourcesBuildPhase section */
		65937F74178BC33F00FF9B2B /* Resources */ = {
			isa = PBXResourcesBuildPhase;
			buildActionMask = 2147483647;
			files = (
				65937F84178BC33F00FF9B2B /* InfoPlist.strings in Resources */,
				65937F8C178BC33F00FF9B2B /* Default.png in Resources */,
				65937F8E178BC33F00FF9B2B /* Default@2x.png in Resources */,
				65937F90178BC33F00FF9B2B /* Default-568h@2x.png in Resources */,
				65937F93178BC33F00FF9B2B /* MainStoryboard_iPhone.storyboard in Resources */,
				65937F96178BC33F00FF9B2B /* MainStoryboard_iPad.storyboard in Resources */,
			);
			runOnlyForDeploymentPostprocessing = 0;
		};
		65937F9C178BC33F00FF9B2B /* Resources */ = {
			isa = PBXResourcesBuildPhase;
			buildActionMask = 2147483647;
			files = (
				65937FAB178BC33F00FF9B2B /* InfoPlist.strings in Resources */,
			);
			runOnlyForDeploymentPostprocessing = 0;
		};
/* End PBXResourcesBuildPhase section */

/* Begin PBXShellScriptBuildPhase section */
		65937F9D178BC33F00FF9B2B /* ShellScript */ = {
			isa = PBXShellScriptBuildPhase;
			buildActionMask = 2147483647;
			files = (
			);
			inputPaths = (
			);
			outputPaths = (
			);
			runOnlyForDeploymentPostprocessing = 0;
			shellPath = /bin/sh;
			shellScript = "# Run the unit tests in this test bundle.\n\"${SYSTEM_DEVELOPER_DIR}/Tools/RunUnitTests\"\n";
		};
/* End PBXShellScriptBuildPhase section */

/* Begin PBXSourcesBuildPhase section */
		65937F72178BC33F00FF9B2B /* Sources */ = {
			isa = PBXSourcesBuildPhase;
			buildActionMask = 2147483647;
			files = (
				65937F86178BC33F00FF9B2B /* main.m in Sources */,
				65937F8A178BC33F00FF9B2B /* AppDelegate.m in Sources */,
				65937F99178BC33F00FF9B2B /* ViewController.m in Sources */,
				65937FBA178BC39700FF9B2B /* SolarTerminatorOverlay.m in Sources */,
				65ECB5DE180CBA7A0037DD90 /* SolarTerminatorOverlayFill.m in Sources */,
				65D8155C178BCA3800E3C3A5 /* SunPosition.m in Sources */,
			);
			runOnlyForDeploymentPostprocessing = 0;
		};
		65937F9A178BC33F00FF9B2B /* Sources */ = {
			isa = PBXSourcesBuildPhase;
			buildActionMask = 2147483647;
			files = (
				65937FAE178BC33F00FF9B2B /* SolarTerminatorTests.m in Sources */,
			);
			runOnlyForDeploymentPostprocessing = 0;
		};
/* End PBXSourcesBuildPhase section */

/* Begin PBXTargetDependency section */
		65937FA5178BC33F00FF9B2B /* PBXTargetDependency */ = {
			isa = PBXTargetDependency;
			target = 65937F75178BC33F00FF9B2B /* SolarTerminator */;
			targetProxy = 65937FA4178BC33F00FF9B2B /* PBXContainerItemProxy */;
		};
/* End PBXTargetDependency section */

/* Begin PBXVariantGroup section */
		65937F82178BC33F00FF9B2B /* InfoPlist.strings */ = {
			isa = PBXVariantGroup;
			children = (
				65937F83178BC33F00FF9B2B /* en */,
			);
			name = InfoPlist.strings;
			sourceTree = "<group>";
		};
		65937F91178BC33F00FF9B2B /* MainStoryboard_iPhone.storyboard */ = {
			isa = PBXVariantGroup;
			children = (
				65937F92178BC33F00FF9B2B /* en */,
			);
			name = MainStoryboard_iPhone.storyboard;
			sourceTree = "<group>";
		};
		65937F94178BC33F00FF9B2B /* MainStoryboard_iPad.storyboard */ = {
			isa = PBXVariantGroup;
			children = (
				65937F95178BC33F00FF9B2B /* en */,
			);
			name = MainStoryboard_iPad.storyboard;
			sourceTree = "<group>";
		};
		65937FA9178BC33F00FF9B2B /* InfoPlist.strings */ = {
			isa = PBXVariantGroup;
			children = (
				65937FAA178BC33F00FF9B2B /* en */,
			);
			name = InfoPlist.strings;
			sourceTree = "<group>";
		};
/* End PBXVariantGroup section */

/* Begin XCBuildConfiguration section */
		65937FAF178BC33F00FF9B2B /* Debug */ = {
			isa = XCBuildConfiguration;
			buildSettings = {
				ALWAYS_SEARCH_USER_PATHS = NO;
				CLANG_CXX_LANGUAGE_STANDARD = "gnu++0x";
				CLANG_CXX_LIBRARY = "libc++";
				CLANG_ENABLE_OBJC_ARC = YES;
				CLANG_WARN_CONSTANT_CONVERSION = YES;
				CLANG_WARN_EMPTY_BODY = YES;
				CLANG_WARN_ENUM_CONVERSION = YES;
				CLANG_WARN_INT_CONVERSION = YES;
				CLANG_WARN__DUPLICATE_METHOD_MATCH = YES;
				"CODE_SIGN_IDENTITY[sdk=iphoneos*]" = "iPhone Developer";
				COPY_PHASE_STRIP = NO;
				ENABLE_TESTABILITY = YES;
				GCC_C_LANGUAGE_STANDARD = gnu99;
				GCC_DYNAMIC_NO_PIC = NO;
				GCC_OPTIMIZATION_LEVEL = 0;
				GCC_PREPROCESSOR_DEFINITIONS = (
					"DEBUG=1",
					"$(inherited)",
				);
				GCC_SYMBOLS_PRIVATE_EXTERN = NO;
				GCC_WARN_ABOUT_RETURN_TYPE = YES;
				GCC_WARN_UNINITIALIZED_AUTOS = YES;
				GCC_WARN_UNUSED_VARIABLE = YES;
				IPHONEOS_DEPLOYMENT_TARGET = 8.0;
				ONLY_ACTIVE_ARCH = YES;
				SDKROOT = iphoneos;
				TARGETED_DEVICE_FAMILY = "1,2";
			};
			name = Debug;
		};
		65937FB0178BC33F00FF9B2B /* Release */ = {
			isa = XCBuildConfiguration;
			buildSettings = {
				ALWAYS_SEARCH_USER_PATHS = NO;
				CLANG_CXX_LANGUAGE_STANDARD = "gnu++0x";
				CLANG_CXX_LIBRARY = "libc++";
				CLANG_ENABLE_OBJC_ARC = YES;
				CLANG_WARN_CONSTANT_CONVERSION = YES;
				CLANG_WARN_EMPTY_BODY = YES;
				CLANG_WARN_ENUM_CONVERSION = YES;
				CLANG_WARN_INT_CONVERSION = YES;
				CLANG_WARN__DUPLICATE_METHOD_MATCH = YES;
				"CODE_SIGN_IDENTITY[sdk=iphoneos*]" = "iPhone Developer";
				COPY_PHASE_STRIP = YES;
				GCC_C_LANGUAGE_STANDARD = gnu99;
				GCC_WARN_ABOUT_RETURN_TYPE = YES;
				GCC_WARN_UNINITIALIZED_AUTOS = YES;
				GCC_WARN_UNUSED_VARIABLE = YES;
				IPHONEOS_DEPLOYMENT_TARGET = 8.0;
				OTHER_CFLAGS = "-DNS_BLOCK_ASSERTIONS=1";
				SDKROOT = iphoneos;
				TARGETED_DEVICE_FAMILY = "1,2";
				VALIDATE_PRODUCT = YES;
			};
			name = Release;
		};
		65937FB2178BC33F00FF9B2B /* Debug */ = {
			isa = XCBuildConfiguration;
			buildSettings = {
				GCC_PRECOMPILE_PREFIX_HEADER = YES;
				GCC_PREFIX_HEADER = "SolarTerminator/SolarTerminator-Prefix.pch";
				INFOPLIST_FILE = "SolarTerminator/SolarTerminator-Info.plist";
				PRODUCT_BUNDLE_IDENTIFIER = "dabsquared.${PRODUCT_NAME:rfc1034identifier}";
				PRODUCT_NAME = "$(TARGET_NAME)";
				WRAPPER_EXTENSION = app;
			};
			name = Debug;
		};
		65937FB3178BC33F00FF9B2B /* Release */ = {
			isa = XCBuildConfiguration;
			buildSettings = {
				GCC_PRECOMPILE_PREFIX_HEADER = YES;
				GCC_PREFIX_HEADER = "SolarTerminator/SolarTerminator-Prefix.pch";
				INFOPLIST_FILE = "SolarTerminator/SolarTerminator-Info.plist";
				PRODUCT_BUNDLE_IDENTIFIER = "dabsquared.${PRODUCT_NAME:rfc1034identifier}";
				PRODUCT_NAME = "$(TARGET_NAME)";
				WRAPPER_EXTENSION = app;
			};
			name = Release;
		};
		65937FB5178BC33F00FF9B2B /* Debug */ = {
			isa = XCBuildConfiguration;
			buildSettings = {
				BUNDLE_LOADER = "$(BUILT_PRODUCTS_DIR)/SolarTerminator.app/SolarTerminator";
				FRAMEWORK_SEARCH_PATHS = (
					"\"$(SDKROOT)/Developer/Library/Frameworks\"",
					"\"$(DEVELOPER_LIBRARY_DIR)/Frameworks\"",
				);
				GCC_PRECOMPILE_PREFIX_HEADER = YES;
				GCC_PREFIX_HEADER = "SolarTerminator/SolarTerminator-Prefix.pch";
				INFOPLIST_FILE = "SolarTerminatorTests/SolarTerminatorTests-Info.plist";
				PRODUCT_BUNDLE_IDENTIFIER = "dabsquared.${PRODUCT_NAME:rfc1034identifier}";
				PRODUCT_NAME = "$(TARGET_NAME)";
				TEST_HOST = "$(BUNDLE_LOADER)";
				WRAPPER_EXTENSION = octest;
			};
			name = Debug;
		};
		65937FB6178BC33F00FF9B2B /* Release */ = {
			isa = XCBuildConfiguration;
			buildSettings = {
				BUNDLE_LOADER = "$(BUILT_PRODUCTS_DIR)/SolarTerminator.app/SolarTerminator";
				FRAMEWORK_SEARCH_PATHS = (
					"\"$(SDKROOT)/Developer/Library/Frameworks\"",
					"\"$(DEVELOPER_LIBRARY_DIR)/Frameworks\"",
				);
				GCC_PRECOMPILE_PREFIX_HEADER = YES;
				GCC_PREFIX_HEADER = "SolarTerminator/SolarTerminator-Prefix.pch";
				INFOPLIST_FILE = "SolarTerminatorTests/SolarTerminatorTests-Info.plist";
				PRODUCT_BUNDLE_IDENTIFIER = "dabsquared.${PRODUCT_NAME:rfc1034identifier}";
				PRODUCT_NAME = "$(TARGET_NAME)";
				TEST_HOST = "$(BUNDLE_LOADER)";
				WRAPPER_EXTENSION = octest;
			};
			name = Release;
		};
/* End XCBuildConfiguration section */

/* Begin XCConfigurationList section */
		65937F71178BC33F00FF9B2B /* Build configuration list for PBXProject "SolarTerminator" */ = {
			isa = XCConfigurationList;
			buildConfigurations = (
				65937FAF178BC33F00FF9B2B /* Debug */,
				65937FB0178BC33F00FF9B2B /* Release */,
			);
			defaultConfigurationIsVisible = 0;
			defaultConfigurationName = Release;
		};
		65937FB1178BC33F00FF9B2B /* Build configuration list for PBXNativeTarget "SolarTerminator" */ = {
			isa = XCConfigurationList;
			buildConfigurations = (
				65937FB2178BC33F00FF9B2B /* Debug */,
				65937FB3178BC33F00FF9B2B /* Release */,
			);
			defaultConfigurationIsVisible = 0;
			defaultConfigurationName = Release;
		};
		65937FB4178BC33F00FF9B2B /* Build configuration list for PBXNativeTarget "SolarTerminatorTests" */ = {
			isa = XCConfigurationList;
			buildConfigurations = (
				65937FB5178BC33F00FF9B2B /* Debug */,
				65937FB6178BC33F00FF9B2B /* Release */,
			);
			defaultConfigurationIsVisible = 0;
			defaultConfigurationName = Release;
		};
/* End XCConfigurationList section */
	};
	rootObject = 65937F6E178BC33F00FF9B2B /* Project object */;
}
